
Microsoft Visual Studio Solution File, Format Version 12.00
# Visual Studio Version 16
VisualStudioVersion = 16.0.31205.134
MinimumVisualStudioVersion = 10.0.40219.1
Project("{FAE04EC0-301F-11D3-BF4B-00C04F79EFBC}") = "WebsiteExercises", "WebsiteExercises\WebsiteExercises.csproj", "{D715AEBC-7381-48B8-8E0D-C95A83F3B7DA}"
EndProject
Global
	GlobalSection(SolutionConfigurationPlatforms) = preSolution
		Debug|Any CPU = Debug|Any CPU
		Release|Any CPU = Release|Any CPU
	EndGlobalSection
	GlobalSection(ProjectConfigurationPlatforms) = postSolution
		{D715AEBC-7381-48B8-8E0D-C95A83F3B7DA}.Debug|Any CPU.ActiveCfg = Debug|Any CPU
		{D715AEBC-7381-48B8-8E0D-C95A83F3B7DA}.Debug|Any CPU.Build.0 = Debug|Any CPU
		{D715AEBC-7381-48B8-8E0D-C95A83F3B7DA}.Release|Any CPU.ActiveCfg = Release|Any CPU
		{D715AEBC-7381-48B8-8E0D-C95A83F3B7DA}.Release|Any CPU.Build.0 = Release|Any CPU
	EndGlobalSection
	GlobalSection(SolutionProperties) = preSolution
		HideSolutionNode = FALSE
	EndGlobalSection
	GlobalSection(ExtensibilityGlobals) = postSolution
		SolutionGuid = {650CEFD5-4C4C-4B3B-8476-473280E130DB}
	EndGlobalSection
EndGlobal
